<?xml version="1.0" encoding="utf-8"?>
<Project ToolsVersion="4.0" xmlns="http://schemas.microsoft.com/developer/msbuild/2003">
  <ItemGroup>
    <Filter Include="Source Files">
      <UniqueIdentifier>{4FC737F1-C7A5-4376-A066-2A32D752A2FF}</UniqueIdentifier>
      <Extensions>cpp;c;cc;cxx;def;odl;idl;hpj;bat;asm;asmx</Extensions>
    </Filter>
    <Filter Include="Header Files">
      <UniqueIdentifier>{93995380-89BD-4b04-88EB-625FBE52EBFB}</UniqueIdentifier>
      <Extensions>h;hpp;hxx;hm;inl;inc;xsd</Extensions>
    </Filter>
    <Filter Include="Win32Res">
      <UniqueIdentifier>{67DA6AB6-F800-4c08-8B7A-83BB121AAD01}</UniqueIdentifier>
      <Extensions>rc;ico;cur;bmp;dlg;rc2;rct;bin;rgs;gif;jpg;jpeg;jpe;resx;tiff;tif;png;wav</Extensions>
    </Filter>
    <Filter Include="Resources">
      <UniqueIdentifier>{626bcf2d-a267-4d2f-93bb-60f6da286a81}</UniqueIdentifier>
    </Filter>
    <Filter Include="Resources\Shaders">
      <UniqueIdentifier>{c2de155c-5795-435c-8d67-15b1d43d5b3a}</UniqueIdentifier>
    </Filter>
    <Filter Include="Textures">
      <UniqueIdentifier>{2dc6fa91-3e82-4767-a13b-b67fc5dbf553}</UniqueIdentifier>
    </Filter>
    <Filter Include="Models">
      <UniqueIdentifier>{101b9f15-f8e1-408c-a8e4-751b6dac7935}</UniqueIdentifier>
    </Filter>
  </ItemGroup>
  <ItemGroup>
    <ClCompile Include="NewTrainingFramework.cpp">
      <Filter>Source Files</Filter>
    </ClCompile>
    <ClCompile Include="Shaders.cpp">
      <Filter>Source Files</Filter>
    </ClCompile>
    <ClCompile Include="stdafx.cpp">
      <Filter>Source Files</Filter>
    </ClCompile>
  </ItemGroup>
  <ItemGroup>
    <ClInclude Include="Globals.h">
      <Filter>Header Files</Filter>
    </ClInclude>
    <ClInclude Include="Shaders.h">
      <Filter>Header Files</Filter>
    </ClInclude>
    <ClInclude Include="stdafx.h">
      <Filter>Header Files</Filter>
    </ClInclude>
    <ClInclude Include="targetver.h">
      <Filter>Header Files</Filter>
    </ClInclude>
    <ClInclude Include="Vertex.h">
      <Filter>Header Files</Filter>
    </ClInclude>
  </ItemGroup>
  <ItemGroup>
    <None Include="..\Resources\Shaders\TriangleShaderFS.fs">
      <Filter>Resources\Shaders</Filter>
    </None>
    <None Include="..\Resources\Shaders\TriangleShaderVS.vs">
      <Filter>Resources\Shaders</Filter>
    </None>
    <None Include="..\..\Readme.doc" />
    <None Include="..\..\Models\Woman1.nfg">
      <Filter>Models</Filter>
    </None>
    <None Include="..\..\Models\Woman2.nfg">
      <Filter>Models</Filter>
    </None>
  </ItemGroup>
  <ItemGroup>
    <Image Include="..\..\Textures\Woman2.tga">
      <Filter>Textures</Filter>
    </Image>
    <Image Include="..\..\Textures\Woman1.tga">
      <Filter>Textures</Filter>
    </Image>
  </ItemGroup>
</Project>